
Microsoft Visual Studio Solution File, Format Version 12.00
# Visual Studio 14
VisualStudioVersion = 14.0.25420.1
MinimumVisualStudioVersion = 10.0.40219.1
Project("{FAE04EC0-301F-11D3-BF4B-00C04F79EFBC}") = "WindowsFormsApplication1", "WindowsFormsApplication1\WindowsFormsApplication1.csproj", "{09AAD804-911D-4530-94D0-817CA206FA6C}"
EndProject
Project("{FAE04EC0-301F-11D3-BF4B-00C04F79EFBC}") = "SimpleCalc", "SimpleCalc\SimpleCalc.csproj", "{510D7DEB-7AE2-4A41-A127-066A7A897FE5}"
EndProject
Project("{FAE04EC0-301F-11D3-BF4B-00C04F79EFBC}") = "Timer", "Timer\Timer.csproj", "{C5E888F7-3D7C-4F1B-8DB2-67E8F3E348CA}"
EndProject
Project("{FAE04EC0-301F-11D3-BF4B-00C04F79EFBC}") = "Fusen", "Fusen\Fusen.csproj", "{E96BD0B2-B7AA-4284-93D2-8CFC10678816}"
EndProject
Project("{FAE04EC0-301F-11D3-BF4B-00C04F79EFBC}") = "Uranai", "Uranai\Uranai\Uranai.csproj", "{729FA286-6A4A-4533-BBC1-1439BE6BCE3D}"
EndProject
Project("{FAE04EC0-301F-11D3-BF4B-00C04F79EFBC}") = "KanjiDifferenceHunt", "KanjiDifferenceHunt\KanjiDifferenceHunt\KanjiDifferenceHunt.csproj", "{E527C17C-77B2-4062-BD55-6EE0F11BE4FE}"
EndProject
Project("{FAE04EC0-301F-11D3-BF4B-00C04F79EFBC}") = "GMailCheck", "GMailCheck\GMailCheck\GMailCheck.csproj", "{39C67426-0013-47A4-8765-6514BAA51E38}"
EndProject
Project("{FAE04EC0-301F-11D3-BF4B-00C04F79EFBC}") = "streamWriter_Reader", "streamWriter_Reader\streamWriter_Reader.csproj", "{01B50016-688D-4350-B9F7-B19336C6E17F}"
EndProject
Project("{FAE04EC0-301F-11D3-BF4B-00C04F79EFBC}") = "rensi_sshnet", "rensi_sshnet\rensi_sshnet.csproj", "{55E7635C-766B-4BD5-98B7-398B512AB7BB}"
EndProject
Project("{FAE04EC0-301F-11D3-BF4B-00C04F79EFBC}") = "Regex_Escape", "Regex_Escape\Regex_Escape.csproj", "{ADCB17E0-325D-43BF-8F33-ED310E3C9786}"
EndProject
Project("{FAE04EC0-301F-11D3-BF4B-00C04F79EFBC}") = "Test", "Test\Test.csproj", "{1DF65AFF-3A48-47DD-A004-1B6CBB7E75F6}"
EndProject
Project("{FAE04EC0-301F-11D3-BF4B-00C04F79EFBC}") = "foreach", "foreach\foreach.csproj", "{C28F6C8E-FEC6-4272-ADA2-6659913C60DB}"
EndProject
Project("{8BC9CEB8-8B4A-11D0-8D11-00A0C91BC942}") = "vector", "vector\vector.vcxproj", "{938B1722-84AD-45D0-B352-9E68C9798111}"
EndProject
Project("{8BC9CEB8-8B4A-11D0-8D11-00A0C91BC942}") = "MathFuncsDll", "dll_sample\dll_sample.vcxproj", "{FF7232DA-EA04-4C62-A668-31AC0FF6521D}"
EndProject
Project("{8BC9CEB8-8B4A-11D0-8D11-00A0C91BC942}") = "MyExecRefsDll", "MyExecRefsDll\MyExecRefsDll.vcxproj", "{9DD640F9-DC06-4C78-A507-8A70AD28E6C7}"
EndProject
Project("{8BC9CEB8-8B4A-11D0-8D11-00A0C91BC942}") = "FileCache", "FileCache\FileCache.vcxproj", "{9620E1D8-B05C-4560-B150-C45994B8B408}"
EndProject
Project("{8BC9CEB8-8B4A-11D0-8D11-00A0C91BC942}") = "MyInteropLib", "MyInteropLib\MyInteropLib.vcxproj", "{7BFD2436-DCAE-43B1-A69B-DDD53CF7408F}"
EndProject
Project("{8BC9CEB8-8B4A-11D0-8D11-00A0C91BC942}") = "property_sample", "property_sample\property_sample.vcxproj", "{D7918299-17D9-46B8-B193-8A8D71D129F0}"
EndProject
Project("{FAE04EC0-301F-11D3-BF4B-00C04F79EFBC}") = "MyInteroplib_app", "MyInteroplib_app\MyInteroplib_app.csproj", "{A4FE42D3-9910-424C-BFAE-BED54A8E98CC}"
EndProject
Project("{8BC9CEB8-8B4A-11D0-8D11-00A0C91BC942}") = "HelloWorld", "HelloWorld\HelloWorld.vcxproj", "{9696B190-8A31-45BA-A43E-0287102EF438}"
EndProject
Project("{8BC9CEB8-8B4A-11D0-8D11-00A0C91BC942}") = "homebank", "homebank\homebank.vcxproj", "{334B9EB4-9D4C-4D39-ACEA-F4495F156A09}"
EndProject
Project("{8BC9CEB8-8B4A-11D0-8D11-00A0C91BC942}") = "Collections_List", "Collections_List\Collections_List.vcxproj", "{2E28EBB4-2533-49CA-930D-2F198306CC72}"
EndProject
Project("{8BC9CEB8-8B4A-11D0-8D11-00A0C91BC942}") = "array", "array\array.vcxproj", "{C934A282-6B10-44DD-A095-25EEBE90317F}"
EndProject
Project("{8BC9CEB8-8B4A-11D0-8D11-00A0C91BC942}") = "List", "List\List.vcxproj", "{7681C711-9869-4784-B79B-CA5E9E4FD552}"
EndProject
Project("{FAE04EC0-301F-11D3-BF4B-00C04F79EFBC}") = "Test2", "Test2\Test2.csproj", "{41483FC3-1FA9-4676-A03C-85200080A116}"
EndProject
Project("{FAE04EC0-301F-11D3-BF4B-00C04F79EFBC}") = "ExpandableGridView", "TreeGridview\TreeGridView\ExpandableGridView.csproj", "{2EFE526F-79B3-49BC-9575-A7B258C59BB5}"
EndProject
Project("{FAE04EC0-301F-11D3-BF4B-00C04F79EFBC}") = "Simple Test App", "TreeGridview\Simple Test App\Simple Test App.csproj", "{136FDB49-A279-45CE-B859-6131C4616A11}"
EndProject
Project("{FAE04EC0-301F-11D3-BF4B-00C04F79EFBC}") = "News Reader Look", "TreeGridview\TreeGridView Test App\News Reader Look.csproj", "{2EC32C6E-A94E-43D4-AAD4-4701E27B2C0A}"
EndProject
Project("{8BC9CEB8-8B4A-11D0-8D11-00A0C91BC942}") = "test3", "test3\test3.vcxproj", "{A672F1AC-2CA3-469B-83A9-3234802AFCBA}"
EndProject
Project("{8BC9CEB8-8B4A-11D0-8D11-00A0C91BC942}") = "Test4", "Test4\Test4.vcxproj", "{D42E0DD7-2101-4DC4-98E8-A7A3D2139C80}"
EndProject
Project("{8BC9CEB8-8B4A-11D0-8D11-00A0C91BC942}") = "gethostbyaddr_tst", "gethostbyaddr_tst\gethostbyaddr_tst.vcxproj", "{08AA64FE-92DF-414E-BF9A-3FE41C70B88A}"
EndProject
Project("{FAE04EC0-301F-11D3-BF4B-00C04F79EFBC}") = "ping_test", "ping_test\ping_test.csproj", "{1FA87D91-2E09-4242-ADB7-6F4D43C759AA}"
EndProject
Project("{FAE04EC0-301F-11D3-BF4B-00C04F79EFBC}") = "task_sample", "task_sample\task_sample.csproj", "{A0D82466-17B7-49F8-A7D5-AD3FF58F5018}"
EndProject
Project("{FAE04EC0-301F-11D3-BF4B-00C04F79EFBC}") = "webclient_test", "webclient_test\webclient_test.csproj", "{409642FB-C113-4F5A-8D7B-D9D2D1E05C01}"
EndProject
Project("{FAE04EC0-301F-11D3-BF4B-00C04F79EFBC}") = "ini_parser", "ini_parser\ini_parser.csproj", "{C2E56D74-4ED9-4EBF-877A-2F83E1C0BFE9}"
EndProject
Project("{FAE04EC0-301F-11D3-BF4B-00C04F79EFBC}") = "ini_parser4", "ini_parser4\ini_parser4.csproj", "{DAEE3C5A-E572-4B44-8335-E3AE3FB925A4}"
EndProject
Global
	GlobalSection(SolutionConfigurationPlatforms) = preSolution
		Debug|Any CPU = Debug|Any CPU
		Debug|x64 = Debug|x64
		Debug|x86 = Debug|x86
		Release|Any CPU = Release|Any CPU
		Release|x64 = Release|x64
		Release|x86 = Release|x86
	EndGlobalSection
	GlobalSection(ProjectConfigurationPlatforms) = postSolution
		{09AAD804-911D-4530-94D0-817CA206FA6C}.Debug|Any CPU.ActiveCfg = Debug|Any CPU
		{09AAD804-911D-4530-94D0-817CA206FA6C}.Debug|Any CPU.Build.0 = Debug|Any CPU
		{09AAD804-911D-4530-94D0-817CA206FA6C}.Debug|x64.ActiveCfg = Debug|Any CPU
		{09AAD804-911D-4530-94D0-817CA206FA6C}.Debug|x64.Build.0 = Debug|Any CPU
		{09AAD804-911D-4530-94D0-817CA206FA6C}.Debug|x86.ActiveCfg = Debug|Any CPU
		{09AAD804-911D-4530-94D0-817CA206FA6C}.Debug|x86.Build.0 = Debug|Any CPU
		{09AAD804-911D-4530-94D0-817CA206FA6C}.Release|Any CPU.ActiveCfg = Release|Any CPU
		{09AAD804-911D-4530-94D0-817CA206FA6C}.Release|Any CPU.Build.0 = Release|Any CPU
		{09AAD804-911D-4530-94D0-817CA206FA6C}.Release|x64.ActiveCfg = Release|Any CPU
		{09AAD804-911D-4530-94D0-817CA206FA6C}.Release|x64.Build.0 = Release|Any CPU
		{09AAD804-911D-4530-94D0-817CA206FA6C}.Release|x86.ActiveCfg = Release|Any CPU
		{09AAD804-911D-4530-94D0-817CA206FA6C}.Release|x86.Build.0 = Release|Any CPU
		{510D7DEB-7AE2-4A41-A127-066A7A897FE5}.Debug|Any CPU.ActiveCfg = Debug|Any CPU
		{510D7DEB-7AE2-4A41-A127-066A7A897FE5}.Debug|Any CPU.Build.0 = Debug|Any CPU
		{510D7DEB-7AE2-4A41-A127-066A7A897FE5}.Debug|x64.ActiveCfg = Debug|Any CPU
		{510D7DEB-7AE2-4A41-A127-066A7A897FE5}.Debug|x64.Build.0 = Debug|Any CPU
		{510D7DEB-7AE2-4A41-A127-066A7A897FE5}.Debug|x86.ActiveCfg = Debug|Any CPU
		{510D7DEB-7AE2-4A41-A127-066A7A897FE5}.Debug|x86.Build.0 = Debug|Any CPU
		{510D7DEB-7AE2-4A41-A127-066A7A897FE5}.Release|Any CPU.ActiveCfg = Release|Any CPU
		{510D7DEB-7AE2-4A41-A127-066A7A897FE5}.Release|Any CPU.Build.0 = Release|Any CPU
		{510D7DEB-7AE2-4A41-A127-066A7A897FE5}.Release|x64.ActiveCfg = Release|Any CPU
		{510D7DEB-7AE2-4A41-A127-066A7A897FE5}.Release|x64.Build.0 = Release|Any CPU
		{510D7DEB-7AE2-4A41-A127-066A7A897FE5}.Release|x86.ActiveCfg = Release|Any CPU
		{510D7DEB-7AE2-4A41-A127-066A7A897FE5}.Release|x86.Build.0 = Release|Any CPU
		{C5E888F7-3D7C-4F1B-8DB2-67E8F3E348CA}.Debug|Any CPU.ActiveCfg = Debug|Any CPU
		{C5E888F7-3D7C-4F1B-8DB2-67E8F3E348CA}.Debug|Any CPU.Build.0 = Debug|Any CPU
		{C5E888F7-3D7C-4F1B-8DB2-67E8F3E348CA}.Debug|x64.ActiveCfg = Debug|Any CPU
		{C5E888F7-3D7C-4F1B-8DB2-67E8F3E348CA}.Debug|x64.Build.0 = Debug|Any CPU
		{C5E888F7-3D7C-4F1B-8DB2-67E8F3E348CA}.Debug|x86.ActiveCfg = Debug|Any CPU
		{C5E888F7-3D7C-4F1B-8DB2-67E8F3E348CA}.Debug|x86.Build.0 = Debug|Any CPU
		{C5E888F7-3D7C-4F1B-8DB2-67E8F3E348CA}.Release|Any CPU.ActiveCfg = Release|Any CPU
		{C5E888F7-3D7C-4F1B-8DB2-67E8F3E348CA}.Release|Any CPU.Build.0 = Release|Any CPU
		{C5E888F7-3D7C-4F1B-8DB2-67E8F3E348CA}.Release|x64.ActiveCfg = Release|Any CPU
		{C5E888F7-3D7C-4F1B-8DB2-67E8F3E348CA}.Release|x64.Build.0 = Release|Any CPU
		{C5E888F7-3D7C-4F1B-8DB2-67E8F3E348CA}.Release|x86.ActiveCfg = Release|Any CPU
		{C5E888F7-3D7C-4F1B-8DB2-67E8F3E348CA}.Release|x86.Build.0 = Release|Any CPU
		{E96BD0B2-B7AA-4284-93D2-8CFC10678816}.Debug|Any CPU.ActiveCfg = Debug|Any CPU
		{E96BD0B2-B7AA-4284-93D2-8CFC10678816}.Debug|Any CPU.Build.0 = Debug|Any CPU
		{E96BD0B2-B7AA-4284-93D2-8CFC10678816}.Debug|x64.ActiveCfg = Debug|Any CPU
		{E96BD0B2-B7AA-4284-93D2-8CFC10678816}.Debug|x64.Build.0 = Debug|Any CPU
		{E96BD0B2-B7AA-4284-93D2-8CFC10678816}.Debug|x86.ActiveCfg = Debug|Any CPU
		{E96BD0B2-B7AA-4284-93D2-8CFC10678816}.Debug|x86.Build.0 = Debug|Any CPU
		{E96BD0B2-B7AA-4284-93D2-8CFC10678816}.Release|Any CPU.ActiveCfg = Release|Any CPU
		{E96BD0B2-B7AA-4284-93D2-8CFC10678816}.Release|Any CPU.Build.0 = Release|Any CPU
		{E96BD0B2-B7AA-4284-93D2-8CFC10678816}.Release|x64.ActiveCfg = Release|Any CPU
		{E96BD0B2-B7AA-4284-93D2-8CFC10678816}.Release|x64.Build.0 = Release|Any CPU
		{E96BD0B2-B7AA-4284-93D2-8CFC10678816}.Release|x86.ActiveCfg = Release|Any CPU
		{E96BD0B2-B7AA-4284-93D2-8CFC10678816}.Release|x86.Build.0 = Release|Any CPU
		{729FA286-6A4A-4533-BBC1-1439BE6BCE3D}.Debug|Any CPU.ActiveCfg = Debug|Any CPU
		{729FA286-6A4A-4533-BBC1-1439BE6BCE3D}.Debug|Any CPU.Build.0 = Debug|Any CPU
		{729FA286-6A4A-4533-BBC1-1439BE6BCE3D}.Debug|x64.ActiveCfg = Debug|Any CPU
		{729FA286-6A4A-4533-BBC1-1439BE6BCE3D}.Debug|x64.Build.0 = Debug|Any CPU
		{729FA286-6A4A-4533-BBC1-1439BE6BCE3D}.Debug|x86.ActiveCfg = Debug|Any CPU
		{729FA286-6A4A-4533-BBC1-1439BE6BCE3D}.Debug|x86.Build.0 = Debug|Any CPU
		{729FA286-6A4A-4533-BBC1-1439BE6BCE3D}.Release|Any CPU.ActiveCfg = Release|Any CPU
		{729FA286-6A4A-4533-BBC1-1439BE6BCE3D}.Release|Any CPU.Build.0 = Release|Any CPU
		{729FA286-6A4A-4533-BBC1-1439BE6BCE3D}.Release|x64.ActiveCfg = Release|Any CPU
		{729FA286-6A4A-4533-BBC1-1439BE6BCE3D}.Release|x64.Build.0 = Release|Any CPU
		{729FA286-6A4A-4533-BBC1-1439BE6BCE3D}.Release|x86.ActiveCfg = Release|Any CPU
		{729FA286-6A4A-4533-BBC1-1439BE6BCE3D}.Release|x86.Build.0 = Release|Any CPU
		{E527C17C-77B2-4062-BD55-6EE0F11BE4FE}.Debug|Any CPU.ActiveCfg = Debug|Any CPU
		{E527C17C-77B2-4062-BD55-6EE0F11BE4FE}.Debug|Any CPU.Build.0 = Debug|Any CPU
		{E527C17C-77B2-4062-BD55-6EE0F11BE4FE}.Debug|x64.ActiveCfg = Debug|Any CPU
		{E527C17C-77B2-4062-BD55-6EE0F11BE4FE}.Debug|x64.Build.0 = Debug|Any CPU
		{E527C17C-77B2-4062-BD55-6EE0F11BE4FE}.Debug|x86.ActiveCfg = Debug|Any CPU
		{E527C17C-77B2-4062-BD55-6EE0F11BE4FE}.Debug|x86.Build.0 = Debug|Any CPU
		{E527C17C-77B2-4062-BD55-6EE0F11BE4FE}.Release|Any CPU.ActiveCfg = Release|Any CPU
		{E527C17C-77B2-4062-BD55-6EE0F11BE4FE}.Release|Any CPU.Build.0 = Release|Any CPU
		{E527C17C-77B2-4062-BD55-6EE0F11BE4FE}.Release|x64.ActiveCfg = Release|Any CPU
		{E527C17C-77B2-4062-BD55-6EE0F11BE4FE}.Release|x64.Build.0 = Release|Any CPU
		{E527C17C-77B2-4062-BD55-6EE0F11BE4FE}.Release|x86.ActiveCfg = Release|Any CPU
		{E527C17C-77B2-4062-BD55-6EE0F11BE4FE}.Release|x86.Build.0 = Release|Any CPU
		{39C67426-0013-47A4-8765-6514BAA51E38}.Debug|Any CPU.ActiveCfg = Debug|Any CPU
		{39C67426-0013-47A4-8765-6514BAA51E38}.Debug|Any CPU.Build.0 = Debug|Any CPU
		{39C67426-0013-47A4-8765-6514BAA51E38}.Debug|x64.ActiveCfg = Debug|Any CPU
		{39C67426-0013-47A4-8765-6514BAA51E38}.Debug|x64.Build.0 = Debug|Any CPU
		{39C67426-0013-47A4-8765-6514BAA51E38}.Debug|x86.ActiveCfg = Debug|Any CPU
		{39C67426-0013-47A4-8765-6514BAA51E38}.Debug|x86.Build.0 = Debug|Any CPU
		{39C67426-0013-47A4-8765-6514BAA51E38}.Release|Any CPU.ActiveCfg = Release|Any CPU
		{39C67426-0013-47A4-8765-6514BAA51E38}.Release|Any CPU.Build.0 = Release|Any CPU
		{39C67426-0013-47A4-8765-6514BAA51E38}.Release|x64.ActiveCfg = Release|Any CPU
		{39C67426-0013-47A4-8765-6514BAA51E38}.Release|x64.Build.0 = Release|Any CPU
		{39C67426-0013-47A4-8765-6514BAA51E38}.Release|x86.ActiveCfg = Release|Any CPU
		{39C67426-0013-47A4-8765-6514BAA51E38}.Release|x86.Build.0 = Release|Any CPU
		{01B50016-688D-4350-B9F7-B19336C6E17F}.Debug|Any CPU.ActiveCfg = Debug|Any CPU
		{01B50016-688D-4350-B9F7-B19336C6E17F}.Debug|Any CPU.Build.0 = Debug|Any CPU
		{01B50016-688D-4350-B9F7-B19336C6E17F}.Debug|x64.ActiveCfg = Debug|Any CPU
		{01B50016-688D-4350-B9F7-B19336C6E17F}.Debug|x64.Build.0 = Debug|Any CPU
		{01B50016-688D-4350-B9F7-B19336C6E17F}.Debug|x86.ActiveCfg = Debug|Any CPU
		{01B50016-688D-4350-B9F7-B19336C6E17F}.Debug|x86.Build.0 = Debug|Any CPU
		{01B50016-688D-4350-B9F7-B19336C6E17F}.Release|Any CPU.ActiveCfg = Release|Any CPU
		{01B50016-688D-4350-B9F7-B19336C6E17F}.Release|Any CPU.Build.0 = Release|Any CPU
		{01B50016-688D-4350-B9F7-B19336C6E17F}.Release|x64.ActiveCfg = Release|Any CPU
		{01B50016-688D-4350-B9F7-B19336C6E17F}.Release|x64.Build.0 = Release|Any CPU
		{01B50016-688D-4350-B9F7-B19336C6E17F}.Release|x86.ActiveCfg = Release|Any CPU
		{01B50016-688D-4350-B9F7-B19336C6E17F}.Release|x86.Build.0 = Release|Any CPU
		{55E7635C-766B-4BD5-98B7-398B512AB7BB}.Debug|Any CPU.ActiveCfg = Debug|Any CPU
		{55E7635C-766B-4BD5-98B7-398B512AB7BB}.Debug|Any CPU.Build.0 = Debug|Any CPU
		{55E7635C-766B-4BD5-98B7-398B512AB7BB}.Debug|x64.ActiveCfg = Debug|Any CPU
		{55E7635C-766B-4BD5-98B7-398B512AB7BB}.Debug|x64.Build.0 = Debug|Any CPU
		{55E7635C-766B-4BD5-98B7-398B512AB7BB}.Debug|x86.ActiveCfg = Debug|Any CPU
		{55E7635C-766B-4BD5-98B7-398B512AB7BB}.Debug|x86.Build.0 = Debug|Any CPU
		{55E7635C-766B-4BD5-98B7-398B512AB7BB}.Release|Any CPU.ActiveCfg = Release|Any CPU
		{55E7635C-766B-4BD5-98B7-398B512AB7BB}.Release|Any CPU.Build.0 = Release|Any CPU
		{55E7635C-766B-4BD5-98B7-398B512AB7BB}.Release|x64.ActiveCfg = Release|Any CPU
		{55E7635C-766B-4BD5-98B7-398B512AB7BB}.Release|x64.Build.0 = Release|Any CPU
		{55E7635C-766B-4BD5-98B7-398B512AB7BB}.Release|x86.ActiveCfg = Release|Any CPU
		{55E7635C-766B-4BD5-98B7-398B512AB7BB}.Release|x86.Build.0 = Release|Any CPU
		{ADCB17E0-325D-43BF-8F33-ED310E3C9786}.Debug|Any CPU.ActiveCfg = Debug|Any CPU
		{ADCB17E0-325D-43BF-8F33-ED310E3C9786}.Debug|Any CPU.Build.0 = Debug|Any CPU
		{ADCB17E0-325D-43BF-8F33-ED310E3C9786}.Debug|x64.ActiveCfg = Debug|Any CPU
		{ADCB17E0-325D-43BF-8F33-ED310E3C9786}.Debug|x64.Build.0 = Debug|Any CPU
		{ADCB17E0-325D-43BF-8F33-ED310E3C9786}.Debug|x86.ActiveCfg = Debug|Any CPU
		{ADCB17E0-325D-43BF-8F33-ED310E3C9786}.Debug|x86.Build.0 = Debug|Any CPU
		{ADCB17E0-325D-43BF-8F33-ED310E3C9786}.Release|Any CPU.ActiveCfg = Release|Any CPU
		{ADCB17E0-325D-43BF-8F33-ED310E3C9786}.Release|Any CPU.Build.0 = Release|Any CPU
		{ADCB17E0-325D-43BF-8F33-ED310E3C9786}.Release|x64.ActiveCfg = Release|Any CPU
		{ADCB17E0-325D-43BF-8F33-ED310E3C9786}.Release|x64.Build.0 = Release|Any CPU
		{ADCB17E0-325D-43BF-8F33-ED310E3C9786}.Release|x86.ActiveCfg = Release|Any CPU
		{ADCB17E0-325D-43BF-8F33-ED310E3C9786}.Release|x86.Build.0 = Release|Any CPU
		{1DF65AFF-3A48-47DD-A004-1B6CBB7E75F6}.Debug|Any CPU.ActiveCfg = Debug|Any CPU
		{1DF65AFF-3A48-47DD-A004-1B6CBB7E75F6}.Debug|Any CPU.Build.0 = Debug|Any CPU
		{1DF65AFF-3A48-47DD-A004-1B6CBB7E75F6}.Debug|x64.ActiveCfg = Debug|Any CPU
		{1DF65AFF-3A48-47DD-A004-1B6CBB7E75F6}.Debug|x64.Build.0 = Debug|Any CPU
		{1DF65AFF-3A48-47DD-A004-1B6CBB7E75F6}.Debug|x86.ActiveCfg = Debug|Any CPU
		{1DF65AFF-3A48-47DD-A004-1B6CBB7E75F6}.Debug|x86.Build.0 = Debug|Any CPU
		{1DF65AFF-3A48-47DD-A004-1B6CBB7E75F6}.Release|Any CPU.ActiveCfg = Release|Any CPU
		{1DF65AFF-3A48-47DD-A004-1B6CBB7E75F6}.Release|Any CPU.Build.0 = Release|Any CPU
		{1DF65AFF-3A48-47DD-A004-1B6CBB7E75F6}.Release|x64.ActiveCfg = Release|Any CPU
		{1DF65AFF-3A48-47DD-A004-1B6CBB7E75F6}.Release|x64.Build.0 = Release|Any CPU
		{1DF65AFF-3A48-47DD-A004-1B6CBB7E75F6}.Release|x86.ActiveCfg = Release|Any CPU
		{1DF65AFF-3A48-47DD-A004-1B6CBB7E75F6}.Release|x86.Build.0 = Release|Any CPU
		{C28F6C8E-FEC6-4272-ADA2-6659913C60DB}.Debug|Any CPU.ActiveCfg = Debug|Any CPU
		{C28F6C8E-FEC6-4272-ADA2-6659913C60DB}.Debug|Any CPU.Build.0 = Debug|Any CPU
		{C28F6C8E-FEC6-4272-ADA2-6659913C60DB}.Debug|x64.ActiveCfg = Debug|Any CPU
		{C28F6C8E-FEC6-4272-ADA2-6659913C60DB}.Debug|x64.Build.0 = Debug|Any CPU
		{C28F6C8E-FEC6-4272-ADA2-6659913C60DB}.Debug|x86.ActiveCfg = Debug|Any CPU
		{C28F6C8E-FEC6-4272-ADA2-6659913C60DB}.Debug|x86.Build.0 = Debug|Any CPU
		{C28F6C8E-FEC6-4272-ADA2-6659913C60DB}.Release|Any CPU.ActiveCfg = Release|Any CPU
		{C28F6C8E-FEC6-4272-ADA2-6659913C60DB}.Release|Any CPU.Build.0 = Release|Any CPU
		{C28F6C8E-FEC6-4272-ADA2-6659913C60DB}.Release|x64.ActiveCfg = Release|Any CPU
		{C28F6C8E-FEC6-4272-ADA2-6659913C60DB}.Release|x64.Build.0 = Release|Any CPU
		{C28F6C8E-FEC6-4272-ADA2-6659913C60DB}.Release|x86.ActiveCfg = Release|Any CPU
		{C28F6C8E-FEC6-4272-ADA2-6659913C60DB}.Release|x86.Build.0 = Release|Any CPU
		{938B1722-84AD-45D0-B352-9E68C9798111}.Debug|Any CPU.ActiveCfg = Debug|Win32
		{938B1722-84AD-45D0-B352-9E68C9798111}.Debug|Any CPU.Build.0 = Debug|Win32
		{938B1722-84AD-45D0-B352-9E68C9798111}.Debug|x64.ActiveCfg = Debug|x64
		{938B1722-84AD-45D0-B352-9E68C9798111}.Debug|x64.Build.0 = Debug|x64
		{938B1722-84AD-45D0-B352-9E68C9798111}.Debug|x86.ActiveCfg = Debug|Win32
		{938B1722-84AD-45D0-B352-9E68C9798111}.Debug|x86.Build.0 = Debug|Win32
		{938B1722-84AD-45D0-B352-9E68C9798111}.Release|Any CPU.ActiveCfg = Release|Win32
		{938B1722-84AD-45D0-B352-9E68C9798111}.Release|x64.ActiveCfg = Release|x64
		{938B1722-84AD-45D0-B352-9E68C9798111}.Release|x64.Build.0 = Release|x64
		{938B1722-84AD-45D0-B352-9E68C9798111}.Release|x86.ActiveCfg = Release|Win32
		{938B1722-84AD-45D0-B352-9E68C9798111}.Release|x86.Build.0 = Release|Win32
		{FF7232DA-EA04-4C62-A668-31AC0FF6521D}.Debug|Any CPU.ActiveCfg = Debug|Win32
		{FF7232DA-EA04-4C62-A668-31AC0FF6521D}.Debug|Any CPU.Build.0 = Debug|Win32
		{FF7232DA-EA04-4C62-A668-31AC0FF6521D}.Debug|x64.ActiveCfg = Debug|x64
		{FF7232DA-EA04-4C62-A668-31AC0FF6521D}.Debug|x64.Build.0 = Debug|x64
		{FF7232DA-EA04-4C62-A668-31AC0FF6521D}.Debug|x86.ActiveCfg = Debug|Win32
		{FF7232DA-EA04-4C62-A668-31AC0FF6521D}.Debug|x86.Build.0 = Debug|Win32
		{FF7232DA-EA04-4C62-A668-31AC0FF6521D}.Release|Any CPU.ActiveCfg = Release|Win32
		{FF7232DA-EA04-4C62-A668-31AC0FF6521D}.Release|x64.ActiveCfg = Release|x64
		{FF7232DA-EA04-4C62-A668-31AC0FF6521D}.Release|x64.Build.0 = Release|x64
		{FF7232DA-EA04-4C62-A668-31AC0FF6521D}.Release|x86.ActiveCfg = Release|Win32
		{FF7232DA-EA04-4C62-A668-31AC0FF6521D}.Release|x86.Build.0 = Release|Win32
		{9DD640F9-DC06-4C78-A507-8A70AD28E6C7}.Debug|Any CPU.ActiveCfg = Debug|Win32
		{9DD640F9-DC06-4C78-A507-8A70AD28E6C7}.Debug|Any CPU.Build.0 = Debug|Win32
		{9DD640F9-DC06-4C78-A507-8A70AD28E6C7}.Debug|x64.ActiveCfg = Debug|x64
		{9DD640F9-DC06-4C78-A507-8A70AD28E6C7}.Debug|x64.Build.0 = Debug|x64
		{9DD640F9-DC06-4C78-A507-8A70AD28E6C7}.Debug|x86.ActiveCfg = Debug|Win32
		{9DD640F9-DC06-4C78-A507-8A70AD28E6C7}.Debug|x86.Build.0 = Debug|Win32
		{9DD640F9-DC06-4C78-A507-8A70AD28E6C7}.Release|Any CPU.ActiveCfg = Release|Win32
		{9DD640F9-DC06-4C78-A507-8A70AD28E6C7}.Release|x64.ActiveCfg = Release|x64
		{9DD640F9-DC06-4C78-A507-8A70AD28E6C7}.Release|x64.Build.0 = Release|x64
		{9DD640F9-DC06-4C78-A507-8A70AD28E6C7}.Release|x86.ActiveCfg = Release|Win32
		{9DD640F9-DC06-4C78-A507-8A70AD28E6C7}.Release|x86.Build.0 = Release|Win32
		{9620E1D8-B05C-4560-B150-C45994B8B408}.Debug|Any CPU.ActiveCfg = Debug|Win32
		{9620E1D8-B05C-4560-B150-C45994B8B408}.Debug|Any CPU.Build.0 = Debug|Win32
		{9620E1D8-B05C-4560-B150-C45994B8B408}.Debug|x64.ActiveCfg = Debug|x64
		{9620E1D8-B05C-4560-B150-C45994B8B408}.Debug|x64.Build.0 = Debug|x64
		{9620E1D8-B05C-4560-B150-C45994B8B408}.Debug|x86.ActiveCfg = Debug|Win32
		{9620E1D8-B05C-4560-B150-C45994B8B408}.Debug|x86.Build.0 = Debug|Win32
		{9620E1D8-B05C-4560-B150-C45994B8B408}.Release|Any CPU.ActiveCfg = Release|Win32
		{9620E1D8-B05C-4560-B150-C45994B8B408}.Release|x64.ActiveCfg = Release|x64
		{9620E1D8-B05C-4560-B150-C45994B8B408}.Release|x64.Build.0 = Release|x64
		{9620E1D8-B05C-4560-B150-C45994B8B408}.Release|x86.ActiveCfg = Release|Win32
		{9620E1D8-B05C-4560-B150-C45994B8B408}.Release|x86.Build.0 = Release|Win32
		{7BFD2436-DCAE-43B1-A69B-DDD53CF7408F}.Debug|Any CPU.ActiveCfg = Debug|Win32
		{7BFD2436-DCAE-43B1-A69B-DDD53CF7408F}.Debug|Any CPU.Build.0 = Debug|Win32
		{7BFD2436-DCAE-43B1-A69B-DDD53CF7408F}.Debug|x64.ActiveCfg = Debug|x64
		{7BFD2436-DCAE-43B1-A69B-DDD53CF7408F}.Debug|x64.Build.0 = Debug|x64
		{7BFD2436-DCAE-43B1-A69B-DDD53CF7408F}.Debug|x86.ActiveCfg = Debug|Win32
		{7BFD2436-DCAE-43B1-A69B-DDD53CF7408F}.Debug|x86.Build.0 = Debug|Win32
		{7BFD2436-DCAE-43B1-A69B-DDD53CF7408F}.Release|Any CPU.ActiveCfg = Release|Win32
		{7BFD2436-DCAE-43B1-A69B-DDD53CF7408F}.Release|x64.ActiveCfg = Release|x64
		{7BFD2436-DCAE-43B1-A69B-DDD53CF7408F}.Release|x64.Build.0 = Release|x64
		{7BFD2436-DCAE-43B1-A69B-DDD53CF7408F}.Release|x86.ActiveCfg = Release|Win32
		{7BFD2436-DCAE-43B1-A69B-DDD53CF7408F}.Release|x86.Build.0 = Release|Win32
		{D7918299-17D9-46B8-B193-8A8D71D129F0}.Debug|Any CPU.ActiveCfg = Debug|Win32
		{D7918299-17D9-46B8-B193-8A8D71D129F0}.Debug|Any CPU.Build.0 = Debug|Win32
		{D7918299-17D9-46B8-B193-8A8D71D129F0}.Debug|x64.ActiveCfg = Debug|x64
		{D7918299-17D9-46B8-B193-8A8D71D129F0}.Debug|x64.Build.0 = Debug|x64
		{D7918299-17D9-46B8-B193-8A8D71D129F0}.Debug|x86.ActiveCfg = Debug|Win32
		{D7918299-17D9-46B8-B193-8A8D71D129F0}.Debug|x86.Build.0 = Debug|Win32
		{D7918299-17D9-46B8-B193-8A8D71D129F0}.Release|Any CPU.ActiveCfg = Release|Win32
		{D7918299-17D9-46B8-B193-8A8D71D129F0}.Release|x64.ActiveCfg = Release|x64
		{D7918299-17D9-46B8-B193-8A8D71D129F0}.Release|x64.Build.0 = Release|x64
		{D7918299-17D9-46B8-B193-8A8D71D129F0}.Release|x86.ActiveCfg = Release|Win32
		{D7918299-17D9-46B8-B193-8A8D71D129F0}.Release|x86.Build.0 = Release|Win32
		{A4FE42D3-9910-424C-BFAE-BED54A8E98CC}.Debug|Any CPU.ActiveCfg = Debug|Any CPU
		{A4FE42D3-9910-424C-BFAE-BED54A8E98CC}.Debug|Any CPU.Build.0 = Debug|Any CPU
		{A4FE42D3-9910-424C-BFAE-BED54A8E98CC}.Debug|x64.ActiveCfg = Debug|Any CPU
		{A4FE42D3-9910-424C-BFAE-BED54A8E98CC}.Debug|x64.Build.0 = Debug|Any CPU
		{A4FE42D3-9910-424C-BFAE-BED54A8E98CC}.Debug|x86.ActiveCfg = Debug|Any CPU
		{A4FE42D3-9910-424C-BFAE-BED54A8E98CC}.Debug|x86.Build.0 = Debug|Any CPU
		{A4FE42D3-9910-424C-BFAE-BED54A8E98CC}.Release|Any CPU.ActiveCfg = Release|Any CPU
		{A4FE42D3-9910-424C-BFAE-BED54A8E98CC}.Release|Any CPU.Build.0 = Release|Any CPU
		{A4FE42D3-9910-424C-BFAE-BED54A8E98CC}.Release|x64.ActiveCfg = Release|Any CPU
		{A4FE42D3-9910-424C-BFAE-BED54A8E98CC}.Release|x64.Build.0 = Release|Any CPU
		{A4FE42D3-9910-424C-BFAE-BED54A8E98CC}.Release|x86.ActiveCfg = Release|Any CPU
		{A4FE42D3-9910-424C-BFAE-BED54A8E98CC}.Release|x86.Build.0 = Release|Any CPU
		{9696B190-8A31-45BA-A43E-0287102EF438}.Debug|Any CPU.ActiveCfg = Debug|Win32
		{9696B190-8A31-45BA-A43E-0287102EF438}.Debug|Any CPU.Build.0 = Debug|Win32
		{9696B190-8A31-45BA-A43E-0287102EF438}.Debug|x64.ActiveCfg = Debug|x64
		{9696B190-8A31-45BA-A43E-0287102EF438}.Debug|x64.Build.0 = Debug|x64
		{9696B190-8A31-45BA-A43E-0287102EF438}.Debug|x86.ActiveCfg = Debug|Win32
		{9696B190-8A31-45BA-A43E-0287102EF438}.Debug|x86.Build.0 = Debug|Win32
		{9696B190-8A31-45BA-A43E-0287102EF438}.Release|Any CPU.ActiveCfg = Release|Win32
		{9696B190-8A31-45BA-A43E-0287102EF438}.Release|x64.ActiveCfg = Release|x64
		{9696B190-8A31-45BA-A43E-0287102EF438}.Release|x64.Build.0 = Release|x64
		{9696B190-8A31-45BA-A43E-0287102EF438}.Release|x86.ActiveCfg = Release|Win32
		{9696B190-8A31-45BA-A43E-0287102EF438}.Release|x86.Build.0 = Release|Win32
		{334B9EB4-9D4C-4D39-ACEA-F4495F156A09}.Debug|Any CPU.ActiveCfg = Debug|Win32
		{334B9EB4-9D4C-4D39-ACEA-F4495F156A09}.Debug|Any CPU.Build.0 = Debug|Win32
		{334B9EB4-9D4C-4D39-ACEA-F4495F156A09}.Debug|x64.ActiveCfg = Debug|x64
		{334B9EB4-9D4C-4D39-ACEA-F4495F156A09}.Debug|x64.Build.0 = Debug|x64
		{334B9EB4-9D4C-4D39-ACEA-F4495F156A09}.Debug|x86.ActiveCfg = Debug|Win32
		{334B9EB4-9D4C-4D39-ACEA-F4495F156A09}.Debug|x86.Build.0 = Debug|Win32
		{334B9EB4-9D4C-4D39-ACEA-F4495F156A09}.Release|Any CPU.ActiveCfg = Release|Win32
		{334B9EB4-9D4C-4D39-ACEA-F4495F156A09}.Release|x64.ActiveCfg = Release|x64
		{334B9EB4-9D4C-4D39-ACEA-F4495F156A09}.Release|x64.Build.0 = Release|x64
		{334B9EB4-9D4C-4D39-ACEA-F4495F156A09}.Release|x86.ActiveCfg = Release|Win32
		{334B9EB4-9D4C-4D39-ACEA-F4495F156A09}.Release|x86.Build.0 = Release|Win32
		{2E28EBB4-2533-49CA-930D-2F198306CC72}.Debug|Any CPU.ActiveCfg = Debug|Win32
		{2E28EBB4-2533-49CA-930D-2F198306CC72}.Debug|Any CPU.Build.0 = Debug|Win32
		{2E28EBB4-2533-49CA-930D-2F198306CC72}.Debug|x64.ActiveCfg = Debug|x64
		{2E28EBB4-2533-49CA-930D-2F198306CC72}.Debug|x64.Build.0 = Debug|x64
		{2E28EBB4-2533-49CA-930D-2F198306CC72}.Debug|x86.ActiveCfg = Debug|Win32
		{2E28EBB4-2533-49CA-930D-2F198306CC72}.Debug|x86.Build.0 = Debug|Win32
		{2E28EBB4-2533-49CA-930D-2F198306CC72}.Release|Any CPU.ActiveCfg = Release|Win32
		{2E28EBB4-2533-49CA-930D-2F198306CC72}.Release|x64.ActiveCfg = Release|x64
		{2E28EBB4-2533-49CA-930D-2F198306CC72}.Release|x64.Build.0 = Release|x64
		{2E28EBB4-2533-49CA-930D-2F198306CC72}.Release|x86.ActiveCfg = Release|Win32
		{2E28EBB4-2533-49CA-930D-2F198306CC72}.Release|x86.Build.0 = Release|Win32
		{C934A282-6B10-44DD-A095-25EEBE90317F}.Debug|Any CPU.ActiveCfg = Debug|Win32
		{C934A282-6B10-44DD-A095-25EEBE90317F}.Debug|Any CPU.Build.0 = Debug|Win32
		{C934A282-6B10-44DD-A095-25EEBE90317F}.Debug|x64.ActiveCfg = Debug|x64
		{C934A282-6B10-44DD-A095-25EEBE90317F}.Debug|x64.Build.0 = Debug|x64
		{C934A282-6B10-44DD-A095-25EEBE90317F}.Debug|x86.ActiveCfg = Debug|Win32
		{C934A282-6B10-44DD-A095-25EEBE90317F}.Debug|x86.Build.0 = Debug|Win32
		{C934A282-6B10-44DD-A095-25EEBE90317F}.Release|Any CPU.ActiveCfg = Release|Win32
		{C934A282-6B10-44DD-A095-25EEBE90317F}.Release|x64.ActiveCfg = Release|x64
		{C934A282-6B10-44DD-A095-25EEBE90317F}.Release|x64.Build.0 = Release|x64
		{C934A282-6B10-44DD-A095-25EEBE90317F}.Release|x86.ActiveCfg = Release|Win32
		{C934A282-6B10-44DD-A095-25EEBE90317F}.Release|x86.Build.0 = Release|Win32
		{7681C711-9869-4784-B79B-CA5E9E4FD552}.Debug|Any CPU.ActiveCfg = Debug|Win32
		{7681C711-9869-4784-B79B-CA5E9E4FD552}.Debug|Any CPU.Build.0 = Debug|Win32
		{7681C711-9869-4784-B79B-CA5E9E4FD552}.Debug|x64.ActiveCfg = Debug|x64
		{7681C711-9869-4784-B79B-CA5E9E4FD552}.Debug|x64.Build.0 = Debug|x64
		{7681C711-9869-4784-B79B-CA5E9E4FD552}.Debug|x86.ActiveCfg = Debug|Win32
		{7681C711-9869-4784-B79B-CA5E9E4FD552}.Debug|x86.Build.0 = Debug|Win32
		{7681C711-9869-4784-B79B-CA5E9E4FD552}.Release|Any CPU.ActiveCfg = Release|Win32
		{7681C711-9869-4784-B79B-CA5E9E4FD552}.Release|x64.ActiveCfg = Release|x64
		{7681C711-9869-4784-B79B-CA5E9E4FD552}.Release|x64.Build.0 = Release|x64
		{7681C711-9869-4784-B79B-CA5E9E4FD552}.Release|x86.ActiveCfg = Release|Win32
		{7681C711-9869-4784-B79B-CA5E9E4FD552}.Release|x86.Build.0 = Release|Win32
		{41483FC3-1FA9-4676-A03C-85200080A116}.Debug|Any CPU.ActiveCfg = Debug|Any CPU
		{41483FC3-1FA9-4676-A03C-85200080A116}.Debug|Any CPU.Build.0 = Debug|Any CPU
		{41483FC3-1FA9-4676-A03C-85200080A116}.Debug|x64.ActiveCfg = Debug|Any CPU
		{41483FC3-1FA9-4676-A03C-85200080A116}.Debug|x64.Build.0 = Debug|Any CPU
		{41483FC3-1FA9-4676-A03C-85200080A116}.Debug|x86.ActiveCfg = Debug|Any CPU
		{41483FC3-1FA9-4676-A03C-85200080A116}.Debug|x86.Build.0 = Debug|Any CPU
		{41483FC3-1FA9-4676-A03C-85200080A116}.Release|Any CPU.ActiveCfg = Release|Any CPU
		{41483FC3-1FA9-4676-A03C-85200080A116}.Release|Any CPU.Build.0 = Release|Any CPU
		{41483FC3-1FA9-4676-A03C-85200080A116}.Release|x64.ActiveCfg = Release|Any CPU
		{41483FC3-1FA9-4676-A03C-85200080A116}.Release|x64.Build.0 = Release|Any CPU
		{41483FC3-1FA9-4676-A03C-85200080A116}.Release|x86.ActiveCfg = Release|Any CPU
		{41483FC3-1FA9-4676-A03C-85200080A116}.Release|x86.Build.0 = Release|Any CPU
		{2EFE526F-79B3-49BC-9575-A7B258C59BB5}.Debug|Any CPU.ActiveCfg = Debug|Any CPU
		{2EFE526F-79B3-49BC-9575-A7B258C59BB5}.Debug|Any CPU.Build.0 = Debug|Any CPU
		{2EFE526F-79B3-49BC-9575-A7B258C59BB5}.Debug|x64.ActiveCfg = Debug|Any CPU
		{2EFE526F-79B3-49BC-9575-A7B258C59BB5}.Debug|x64.Build.0 = Debug|Any CPU
		{2EFE526F-79B3-49BC-9575-A7B258C59BB5}.Debug|x86.ActiveCfg = Debug|Any CPU
		{2EFE526F-79B3-49BC-9575-A7B258C59BB5}.Debug|x86.Build.0 = Debug|Any CPU
		{2EFE526F-79B3-49BC-9575-A7B258C59BB5}.Release|Any CPU.ActiveCfg = Release|Any CPU
		{2EFE526F-79B3-49BC-9575-A7B258C59BB5}.Release|Any CPU.Build.0 = Release|Any CPU
		{2EFE526F-79B3-49BC-9575-A7B258C59BB5}.Release|x64.ActiveCfg = Release|Any CPU
		{2EFE526F-79B3-49BC-9575-A7B258C59BB5}.Release|x64.Build.0 = Release|Any CPU
		{2EFE526F-79B3-49BC-9575-A7B258C59BB5}.Release|x86.ActiveCfg = Release|Any CPU
		{2EFE526F-79B3-49BC-9575-A7B258C59BB5}.Release|x86.Build.0 = Release|Any CPU
		{136FDB49-A279-45CE-B859-6131C4616A11}.Debug|Any CPU.ActiveCfg = Debug|Any CPU
		{136FDB49-A279-45CE-B859-6131C4616A11}.Debug|Any CPU.Build.0 = Debug|Any CPU
		{136FDB49-A279-45CE-B859-6131C4616A11}.Debug|x64.ActiveCfg = Debug|Any CPU
		{136FDB49-A279-45CE-B859-6131C4616A11}.Debug|x64.Build.0 = Debug|Any CPU
		{136FDB49-A279-45CE-B859-6131C4616A11}.Debug|x86.ActiveCfg = Debug|Any CPU
		{136FDB49-A279-45CE-B859-6131C4616A11}.Debug|x86.Build.0 = Debug|Any CPU
		{136FDB49-A279-45CE-B859-6131C4616A11}.Release|Any CPU.ActiveCfg = Release|Any CPU
		{136FDB49-A279-45CE-B859-6131C4616A11}.Release|Any CPU.Build.0 = Release|Any CPU
		{136FDB49-A279-45CE-B859-6131C4616A11}.Release|x64.ActiveCfg = Release|Any CPU
		{136FDB49-A279-45CE-B859-6131C4616A11}.Release|x64.Build.0 = Release|Any CPU
		{136FDB49-A279-45CE-B859-6131C4616A11}.Release|x86.ActiveCfg = Release|Any CPU
		{136FDB49-A279-45CE-B859-6131C4616A11}.Release|x86.Build.0 = Release|Any CPU
		{2EC32C6E-A94E-43D4-AAD4-4701E27B2C0A}.Debug|Any CPU.ActiveCfg = Debug|Any CPU
		{2EC32C6E-A94E-43D4-AAD4-4701E27B2C0A}.Debug|Any CPU.Build.0 = Debug|Any CPU
		{2EC32C6E-A94E-43D4-AAD4-4701E27B2C0A}.Debug|x64.ActiveCfg = Debug|Any CPU
		{2EC32C6E-A94E-43D4-AAD4-4701E27B2C0A}.Debug|x64.Build.0 = Debug|Any CPU
		{2EC32C6E-A94E-43D4-AAD4-4701E27B2C0A}.Debug|x86.ActiveCfg = Debug|Any CPU
		{2EC32C6E-A94E-43D4-AAD4-4701E27B2C0A}.Debug|x86.Build.0 = Debug|Any CPU
		{2EC32C6E-A94E-43D4-AAD4-4701E27B2C0A}.Release|Any CPU.ActiveCfg = Release|Any CPU
		{2EC32C6E-A94E-43D4-AAD4-4701E27B2C0A}.Release|Any CPU.Build.0 = Release|Any CPU
		{2EC32C6E-A94E-43D4-AAD4-4701E27B2C0A}.Release|x64.ActiveCfg = Release|Any CPU
		{2EC32C6E-A94E-43D4-AAD4-4701E27B2C0A}.Release|x64.Build.0 = Release|Any CPU
		{2EC32C6E-A94E-43D4-AAD4-4701E27B2C0A}.Release|x86.ActiveCfg = Release|Any CPU
		{2EC32C6E-A94E-43D4-AAD4-4701E27B2C0A}.Release|x86.Build.0 = Release|Any CPU
		{A672F1AC-2CA3-469B-83A9-3234802AFCBA}.Debug|Any CPU.ActiveCfg = Debug|Win32
		{A672F1AC-2CA3-469B-83A9-3234802AFCBA}.Debug|Any CPU.Build.0 = Debug|Win32
		{A672F1AC-2CA3-469B-83A9-3234802AFCBA}.Debug|x64.ActiveCfg = Debug|x64
		{A672F1AC-2CA3-469B-83A9-3234802AFCBA}.Debug|x64.Build.0 = Debug|x64
		{A672F1AC-2CA3-469B-83A9-3234802AFCBA}.Debug|x86.ActiveCfg = Debug|Win32
		{A672F1AC-2CA3-469B-83A9-3234802AFCBA}.Debug|x86.Build.0 = Debug|Win32
		{A672F1AC-2CA3-469B-83A9-3234802AFCBA}.Release|Any CPU.ActiveCfg = Release|Win32
		{A672F1AC-2CA3-469B-83A9-3234802AFCBA}.Release|x64.ActiveCfg = Release|x64
		{A672F1AC-2CA3-469B-83A9-3234802AFCBA}.Release|x64.Build.0 = Release|x64
		{A672F1AC-2CA3-469B-83A9-3234802AFCBA}.Release|x86.ActiveCfg = Release|Win32
		{A672F1AC-2CA3-469B-83A9-3234802AFCBA}.Release|x86.Build.0 = Release|Win32
		{D42E0DD7-2101-4DC4-98E8-A7A3D2139C80}.Debug|Any CPU.ActiveCfg = Debug|Win32
		{D42E0DD7-2101-4DC4-98E8-A7A3D2139C80}.Debug|Any CPU.Build.0 = Debug|Win32
		{D42E0DD7-2101-4DC4-98E8-A7A3D2139C80}.Debug|x64.ActiveCfg = Debug|x64
		{D42E0DD7-2101-4DC4-98E8-A7A3D2139C80}.Debug|x64.Build.0 = Debug|x64
		{D42E0DD7-2101-4DC4-98E8-A7A3D2139C80}.Debug|x86.ActiveCfg = Debug|Win32
		{D42E0DD7-2101-4DC4-98E8-A7A3D2139C80}.Debug|x86.Build.0 = Debug|Win32
		{D42E0DD7-2101-4DC4-98E8-A7A3D2139C80}.Release|Any CPU.ActiveCfg = Release|Win32
		{D42E0DD7-2101-4DC4-98E8-A7A3D2139C80}.Release|x64.ActiveCfg = Release|x64
		{D42E0DD7-2101-4DC4-98E8-A7A3D2139C80}.Release|x64.Build.0 = Release|x64
		{D42E0DD7-2101-4DC4-98E8-A7A3D2139C80}.Release|x86.ActiveCfg = Release|Win32
		{D42E0DD7-2101-4DC4-98E8-A7A3D2139C80}.Release|x86.Build.0 = Release|Win32
		{08AA64FE-92DF-414E-BF9A-3FE41C70B88A}.Debug|Any CPU.ActiveCfg = Debug|Win32
		{08AA64FE-92DF-414E-BF9A-3FE41C70B88A}.Debug|Any CPU.Build.0 = Debug|Win32
		{08AA64FE-92DF-414E-BF9A-3FE41C70B88A}.Debug|x64.ActiveCfg = Debug|x64
		{08AA64FE-92DF-414E-BF9A-3FE41C70B88A}.Debug|x64.Build.0 = Debug|x64
		{08AA64FE-92DF-414E-BF9A-3FE41C70B88A}.Debug|x86.ActiveCfg = Debug|Win32
		{08AA64FE-92DF-414E-BF9A-3FE41C70B88A}.Debug|x86.Build.0 = Debug|Win32
		{08AA64FE-92DF-414E-BF9A-3FE41C70B88A}.Release|Any CPU.ActiveCfg = Release|Win32
		{08AA64FE-92DF-414E-BF9A-3FE41C70B88A}.Release|x64.ActiveCfg = Release|x64
		{08AA64FE-92DF-414E-BF9A-3FE41C70B88A}.Release|x64.Build.0 = Release|x64
		{08AA64FE-92DF-414E-BF9A-3FE41C70B88A}.Release|x86.ActiveCfg = Release|Win32
		{08AA64FE-92DF-414E-BF9A-3FE41C70B88A}.Release|x86.Build.0 = Release|Win32
		{1FA87D91-2E09-4242-ADB7-6F4D43C759AA}.Debug|Any CPU.ActiveCfg = Debug|Any CPU
		{1FA87D91-2E09-4242-ADB7-6F4D43C759AA}.Debug|Any CPU.Build.0 = Debug|Any CPU
		{1FA87D91-2E09-4242-ADB7-6F4D43C759AA}.Debug|x64.ActiveCfg = Debug|Any CPU
		{1FA87D91-2E09-4242-ADB7-6F4D43C759AA}.Debug|x64.Build.0 = Debug|Any CPU
		{1FA87D91-2E09-4242-ADB7-6F4D43C759AA}.Debug|x86.ActiveCfg = Debug|Any CPU
		{1FA87D91-2E09-4242-ADB7-6F4D43C759AA}.Debug|x86.Build.0 = Debug|Any CPU
		{1FA87D91-2E09-4242-ADB7-6F4D43C759AA}.Release|Any CPU.ActiveCfg = Release|Any CPU
		{1FA87D91-2E09-4242-ADB7-6F4D43C759AA}.Release|Any CPU.Build.0 = Release|Any CPU
		{1FA87D91-2E09-4242-ADB7-6F4D43C759AA}.Release|x64.ActiveCfg = Release|Any CPU
		{1FA87D91-2E09-4242-ADB7-6F4D43C759AA}.Release|x64.Build.0 = Release|Any CPU
		{1FA87D91-2E09-4242-ADB7-6F4D43C759AA}.Release|x86.ActiveCfg = Release|Any CPU
		{1FA87D91-2E09-4242-ADB7-6F4D43C759AA}.Release|x86.Build.0 = Release|Any CPU
		{A0D82466-17B7-49F8-A7D5-AD3FF58F5018}.Debug|Any CPU.ActiveCfg = Debug|Any CPU
		{A0D82466-17B7-49F8-A7D5-AD3FF58F5018}.Debug|Any CPU.Build.0 = Debug|Any CPU
		{A0D82466-17B7-49F8-A7D5-AD3FF58F5018}.Debug|x64.ActiveCfg = Debug|Any CPU
		{A0D82466-17B7-49F8-A7D5-AD3FF58F5018}.Debug|x64.Build.0 = Debug|Any CPU
		{A0D82466-17B7-49F8-A7D5-AD3FF58F5018}.Debug|x86.ActiveCfg = Debug|Any CPU
		{A0D82466-17B7-49F8-A7D5-AD3FF58F5018}.Debug|x86.Build.0 = Debug|Any CPU
		{A0D82466-17B7-49F8-A7D5-AD3FF58F5018}.Release|Any CPU.ActiveCfg = Release|Any CPU
		{A0D82466-17B7-49F8-A7D5-AD3FF58F5018}.Release|Any CPU.Build.0 = Release|Any CPU
		{A0D82466-17B7-49F8-A7D5-AD3FF58F5018}.Release|x64.ActiveCfg = Release|Any CPU
		{A0D82466-17B7-49F8-A7D5-AD3FF58F5018}.Release|x64.Build.0 = Release|Any CPU
		{A0D82466-17B7-49F8-A7D5-AD3FF58F5018}.Release|x86.ActiveCfg = Release|Any CPU
		{A0D82466-17B7-49F8-A7D5-AD3FF58F5018}.Release|x86.Build.0 = Release|Any CPU
		{409642FB-C113-4F5A-8D7B-D9D2D1E05C01}.Debug|Any CPU.ActiveCfg = Debug|Any CPU
		{409642FB-C113-4F5A-8D7B-D9D2D1E05C01}.Debug|Any CPU.Build.0 = Debug|Any CPU
		{409642FB-C113-4F5A-8D7B-D9D2D1E05C01}.Debug|x64.ActiveCfg = Debug|Any CPU
		{409642FB-C113-4F5A-8D7B-D9D2D1E05C01}.Debug|x64.Build.0 = Debug|Any CPU
		{409642FB-C113-4F5A-8D7B-D9D2D1E05C01}.Debug|x86.ActiveCfg = Debug|Any CPU
		{409642FB-C113-4F5A-8D7B-D9D2D1E05C01}.Debug|x86.Build.0 = Debug|Any CPU
		{409642FB-C113-4F5A-8D7B-D9D2D1E05C01}.Release|Any CPU.ActiveCfg = Release|Any CPU
		{409642FB-C113-4F5A-8D7B-D9D2D1E05C01}.Release|Any CPU.Build.0 = Release|Any CPU
		{409642FB-C113-4F5A-8D7B-D9D2D1E05C01}.Release|x64.ActiveCfg = Release|Any CPU
		{409642FB-C113-4F5A-8D7B-D9D2D1E05C01}.Release|x64.Build.0 = Release|Any CPU
		{409642FB-C113-4F5A-8D7B-D9D2D1E05C01}.Release|x86.ActiveCfg = Release|Any CPU
		{409642FB-C113-4F5A-8D7B-D9D2D1E05C01}.Release|x86.Build.0 = Release|Any CPU
		{C2E56D74-4ED9-4EBF-877A-2F83E1C0BFE9}.Debug|Any CPU.ActiveCfg = Debug|Any CPU
		{C2E56D74-4ED9-4EBF-877A-2F83E1C0BFE9}.Debug|Any CPU.Build.0 = Debug|Any CPU
		{C2E56D74-4ED9-4EBF-877A-2F83E1C0BFE9}.Debug|x64.ActiveCfg = Debug|Any CPU
		{C2E56D74-4ED9-4EBF-877A-2F83E1C0BFE9}.Debug|x64.Build.0 = Debug|Any CPU
		{C2E56D74-4ED9-4EBF-877A-2F83E1C0BFE9}.Debug|x86.ActiveCfg = Debug|Any CPU
		{C2E56D74-4ED9-4EBF-877A-2F83E1C0BFE9}.Debug|x86.Build.0 = Debug|Any CPU
		{C2E56D74-4ED9-4EBF-877A-2F83E1C0BFE9}.Release|Any CPU.ActiveCfg = Release|Any CPU
		{C2E56D74-4ED9-4EBF-877A-2F83E1C0BFE9}.Release|Any CPU.Build.0 = Release|Any CPU
		{C2E56D74-4ED9-4EBF-877A-2F83E1C0BFE9}.Release|x64.ActiveCfg = Release|Any CPU
		{C2E56D74-4ED9-4EBF-877A-2F83E1C0BFE9}.Release|x64.Build.0 = Release|Any CPU
		{C2E56D74-4ED9-4EBF-877A-2F83E1C0BFE9}.Release|x86.ActiveCfg = Release|Any CPU
		{C2E56D74-4ED9-4EBF-877A-2F83E1C0BFE9}.Release|x86.Build.0 = Release|Any CPU
		{DAEE3C5A-E572-4B44-8335-E3AE3FB925A4}.Debug|Any CPU.ActiveCfg = Debug|Any CPU
		{DAEE3C5A-E572-4B44-8335-E3AE3FB925A4}.Debug|Any CPU.Build.0 = Debug|Any CPU
		{DAEE3C5A-E572-4B44-8335-E3AE3FB925A4}.Debug|x64.ActiveCfg = Debug|Any CPU
		{DAEE3C5A-E572-4B44-8335-E3AE3FB925A4}.Debug|x64.Build.0 = Debug|Any CPU
		{DAEE3C5A-E572-4B44-8335-E3AE3FB925A4}.Debug|x86.ActiveCfg = Debug|Any CPU
		{DAEE3C5A-E572-4B44-8335-E3AE3FB925A4}.Debug|x86.Build.0 = Debug|Any CPU
		{DAEE3C5A-E572-4B44-8335-E3AE3FB925A4}.Release|Any CPU.ActiveCfg = Release|Any CPU
		{DAEE3C5A-E572-4B44-8335-E3AE3FB925A4}.Release|Any CPU.Build.0 = Release|Any CPU
		{DAEE3C5A-E572-4B44-8335-E3AE3FB925A4}.Release|x64.ActiveCfg = Release|Any CPU
		{DAEE3C5A-E572-4B44-8335-E3AE3FB925A4}.Release|x64.Build.0 = Release|Any CPU
		{DAEE3C5A-E572-4B44-8335-E3AE3FB925A4}.Release|x86.ActiveCfg = Release|Any CPU
		{DAEE3C5A-E572-4B44-8335-E3AE3FB925A4}.Release|x86.Build.0 = Release|Any CPU
	EndGlobalSection
	GlobalSection(SolutionProperties) = preSolution
		HideSolutionNode = FALSE
	EndGlobalSection
EndGlobal
